
Microsoft Visual Studio Solution File, Format Version 12.00
# Visual Studio 15
VisualStudioVersion = 15.0.28307.271
MinimumVisualStudioVersion = 10.0.40219.1
Project("{9A19103F-16F7-4668-BE54-9A1E7A4F7556}") = "ConsoleApp2", "ConsoleApp2\ConsoleApp2.csproj", "{943F2827-CBBE-41DC-9094-E605D448F40B}"
EndProject
Project("{9A19103F-16F7-4668-BE54-9A1E7A4F7556}") = "ICT3101_Calculator.UnitTests", "ICT3101_Calculator.UnitTests\ICT3101_Calculator.UnitTests.csproj", "{AF93F97B-4D41-4F3E-AEB9-823C6D6A3588}"
EndProject
Project("{2150E333-8FDC-42A3-9474-1A3956D46DE8}") = "Solution Items", "Solution Items", "{1C9677DF-4FA7-415B-8061-579520191613}"
	ProjectSection(SolutionItems) = preProject
		.travis.yml = .travis.yml
	EndProjectSection
EndProject
Global
	GlobalSection(SolutionConfigurationPlatforms) = preSolution
		Debug|Any CPU = Debug|Any CPU
		Release|Any CPU = Release|Any CPU
	EndGlobalSection
	GlobalSection(ProjectConfigurationPlatforms) = postSolution
		{943F2827-CBBE-41DC-9094-E605D448F40B}.Debug|Any CPU.ActiveCfg = Debug|Any CPU
		{943F2827-CBBE-41DC-9094-E605D448F40B}.Debug|Any CPU.Build.0 = Debug|Any CPU
		{943F2827-CBBE-41DC-9094-E605D448F40B}.Release|Any CPU.ActiveCfg = Release|Any CPU
		{943F2827-CBBE-41DC-9094-E605D448F40B}.Release|Any CPU.Build.0 = Release|Any CPU
		{AF93F97B-4D41-4F3E-AEB9-823C6D6A3588}.Debug|Any CPU.ActiveCfg = Debug|Any CPU
		{AF93F97B-4D41-4F3E-AEB9-823C6D6A3588}.Debug|Any CPU.Build.0 = Debug|Any CPU
		{AF93F97B-4D41-4F3E-AEB9-823C6D6A3588}.Release|Any CPU.ActiveCfg = Release|Any CPU
		{AF93F97B-4D41-4F3E-AEB9-823C6D6A3588}.Release|Any CPU.Build.0 = Release|Any CPU
	EndGlobalSection
	GlobalSection(SolutionProperties) = preSolution
		HideSolutionNode = FALSE
	EndGlobalSection
	GlobalSection(ExtensibilityGlobals) = postSolution
		SolutionGuid = {CA2C2C17-0229-433F-857D-A16165DD0CFF}
	EndGlobalSection
EndGlobal
